PODS:
  - device_info_plus (0.0.1):
    - Flutter
  - Flutter (1.0.0)
  - flutter_compass_v2 (0.0.1):
    - Flutter
  - flutter_qiblah (0.0.1):
    - Flutter
  - geolocator_apple (1.2.0):
    - Flutter
    - FlutterMacOS
  - isar_flutter_libs (1.0.0):
    - Flutter
  - path_provider_foundation (0.0.1):
    - Flutter
    - FlutterMacOS
  - permission_handler_apple (9.3.0):
    - Flutter
  - shared_preferences_foundation (0.0.1):
    - Flutter
    - FlutterMacOS
  - vibration (3.0.0):
    - Flutter

DEPENDENCIES:
  - device_info_plus (from `.symlinks/plugins/device_info_plus/ios`)
  - Flutter (from `Flutter`)
  - flutter_compass_v2 (from `.symlinks/plugins/flutter_compass_v2/ios`)
  - flutter_qiblah (from `.symlinks/plugins/flutter_qiblah/ios`)
  - geolocator_apple (from `.symlinks/plugins/geolocator_apple/darwin`)
  - isar_flutter_libs (from `.symlinks/plugins/isar_flutter_libs/ios`)
  - path_provider_foundation (from `.symlinks/plugins/path_provider_foundation/darwin`)
  - permission_handler_apple (from `.symlinks/plugins/permission_handler_apple/ios`)
  - shared_preferences_foundation (from `.symlinks/plugins/shared_preferences_foundation/darwin`)
  - vibration (from `.symlinks/plugins/vibration/ios`)

EXTERNAL SOURCES:
  device_info_plus:
    :path: ".symlinks/plugins/device_info_plus/ios"
  Flutter:
    :path: Flutter
  flutter_compass_v2:
    :path: ".symlinks/plugins/flutter_compass_v2/ios"
  flutter_qiblah:
    :path: ".symlinks/plugins/flutter_qiblah/ios"
  geolocator_apple:
    :path: ".symlinks/plugins/geolocator_apple/darwin"
  isar_flutter_libs:
    :path: ".symlinks/plugins/isar_flutter_libs/ios"
  path_provider_foundation:
    :path: ".symlinks/plugins/path_provider_foundation/darwin"
  permission_handler_apple:
    :path: ".symlinks/plugins/permission_handler_apple/ios"
  shared_preferences_foundation:
    :path: ".symlinks/plugins/shared_preferences_foundation/darwin"
  vibration:
    :path: ".symlinks/plugins/vibration/ios"

SPEC CHECKSUMS:
  device_info_plus: 21fcca2080fbcd348be798aa36c3e5ed849eefbe
  Flutter: e0871f40cf51350855a761d2e70bf5af5b9b5de7
  flutter_compass_v2: bdaac539c444ca34617debfa444b037c30be6e54
  flutter_qiblah: 453c7fb44af9a329373bcef113c25627d5b8c9e8
  geolocator_apple: ab36aa0e8b7d7a2d7639b3b4e48308394e8cef5e
  isar_flutter_libs: 9fc2cfb928c539e1b76c481ba5d143d556d94920
  path_provider_foundation: 080d55be775b7414fd5a5ef3ac137b97b097e564
  permission_handler_apple: 4ed2196e43d0651e8ff7ca3483a069d469701f2d
  shared_preferences_foundation: 9e1978ff2562383bd5676f64ec4e9aa8fa06a6f7
  vibration: 69774ad57825b11c951ee4c46155f455d7a592ce

PODFILE CHECKSUM: 5cbaa2e976150d6ca52c31ab6e60efa2670a60bc

COCOAPODS: 1.16.2
